
Microsoft Visual Studio Solution File, Format Version 12.00
# Visual Studio Version 17
VisualStudioVersion = 17.9.34723.18
MinimumVisualStudioVersion = 10.0.40219.1
Project("{FAE04EC0-301F-11D3-BF4B-00C04F79EFBC}") = "System programming 01. Process", "System programming 01. Process\System programming 01. Process.csproj", "{953F1921-0E16-4D33-9012-6B6CE12234CF}"
EndProject
Project("{2150E333-8FDC-42A3-9474-1A3956D46DE8}") = "SP 01", "SP 01", "{337C2D95-C17D-4455-AC0B-48249D525BF8}"
EndProject
Global
	GlobalSection(SolutionConfigurationPlatforms) = preSolution
		Debug|Any CPU = Debug|Any CPU
		Release|Any CPU = Release|Any CPU
	EndGlobalSection
	GlobalSection(ProjectConfigurationPlatforms) = postSolution
		{953F1921-0E16-4D33-9012-6B6CE12234CF}.Debug|Any CPU.ActiveCfg = Debug|Any CPU
		{953F1921-0E16-4D33-9012-6B6CE12234CF}.Debug|Any CPU.Build.0 = Debug|Any CPU
		{953F1921-0E16-4D33-9012-6B6CE12234CF}.Release|Any CPU.ActiveCfg = Release|Any CPU
		{953F1921-0E16-4D33-9012-6B6CE12234CF}.Release|Any CPU.Build.0 = Release|Any CPU
	EndGlobalSection
	GlobalSection(SolutionProperties) = preSolution
		HideSolutionNode = FALSE
	EndGlobalSection
	GlobalSection(NestedProjects) = preSolution
		{953F1921-0E16-4D33-9012-6B6CE12234CF} = {337C2D95-C17D-4455-AC0B-48249D525BF8}
	EndGlobalSection
	GlobalSection(ExtensibilityGlobals) = postSolution
		SolutionGuid = {47003848-5567-4939-8891-CD61D617F389}
	EndGlobalSection
EndGlobal
